// !$*UTF8*$!
{
	archiveVersion = 1;
	classes = {
	};
	objectVersion = 55;
	objects = {

/* Begin PBXBuildFile section */
		B9B529CC2971FF2E009700D2 /* AppDelegate.swift in Sources */ = {isa = PBXBuildFile; fileRef = B9B529CB2971FF2E009700D2 /* AppDelegate.swift */; };
		B9B529CE2971FF2E009700D2 /* SceneDelegate.swift in Sources */ = {isa = PBXBuildFile; fileRef = B9B529CD2971FF2E009700D2 /* SceneDelegate.swift */; };
		B9B529D02971FF2E009700D2 /* ViewController.swift in Sources */ = {isa = PBXBuildFile; fileRef = B9B529CF2971FF2E009700D2 /* ViewController.swift */; };
		B9B529D32971FF2E009700D2 /* Main.storyboard in Resources */ = {isa = PBXBuildFile; fileRef = B9B529D12971FF2E009700D2 /* Main.storyboard */; };
		B9B529D62971FF2E009700D2 /* LuluLemonTest.xcdatamodeld in Sources */ = {isa = PBXBuildFile; fileRef = B9B529D42971FF2E009700D2 /* LuluLemonTest.xcdatamodeld */; };
		B9B529D82971FF35009700D2 /* Assets.xcassets in Resources */ = {isa = PBXBuildFile; fileRef = B9B529D72971FF35009700D2 /* Assets.xcassets */; };
		B9B529DB2971FF35009700D2 /* LaunchScreen.storyboard in Resources */ = {isa = PBXBuildFile; fileRef = B9B529D92971FF35009700D2 /* LaunchScreen.storyboard */; };
		B9B52A092974F70F009700D2 /* Item.swift in Sources */ = {isa = PBXBuildFile; fileRef = B9B52A082974F70F009700D2 /* Item.swift */; };
		B9B52A0B297502C0009700D2 /* APIHandler.swift in Sources */ = {isa = PBXBuildFile; fileRef = B9B52A0A297502C0009700D2 /* APIHandler.swift */; };
		B9B52A0D29750E04009700D2 /* ListModel.swift in Sources */ = {isa = PBXBuildFile; fileRef = B9B52A0C29750E04009700D2 /* ListModel.swift */; };
		B9B52A0F29750E1D009700D2 /* AddViewModel.swift in Sources */ = {isa = PBXBuildFile; fileRef = B9B52A0E29750E1D009700D2 /* AddViewModel.swift */; };
		B9B52A142975954D009700D2 /* addViewController.swift in Sources */ = {isa = PBXBuildFile; fileRef = B9B52A132975954D009700D2 /* addViewController.swift */; };
/* End PBXBuildFile section */

/* Begin PBXFileReference section */
		B9B529C82971FF2E009700D2 /* LuluLemonTest.app */ = {isa = PBXFileReference; explicitFileType = wrapper.application; includeInIndex = 0; path = LuluLemonTest.app; sourceTree = BUILT_PRODUCTS_DIR; };
		B9B529CB2971FF2E009700D2 /* AppDelegate.swift */ = {isa = PBXFileReference; lastKnownFileType = sourcecode.swift; path = AppDelegate.swift; sourceTree = "<group>"; };
		B9B529CD2971FF2E009700D2 /* SceneDelegate.swift */ = {isa = PBXFileReference; lastKnownFileType = sourcecode.swift; path = SceneDelegate.swift; sourceTree = "<group>"; };
		B9B529CF2971FF2E009700D2 /* ViewController.swift */ = {isa = PBXFileReference; lastKnownFileType = sourcecode.swift; path = ViewController.swift; sourceTree = "<group>"; };
		B9B529D22971FF2E009700D2 /* Base */ = {isa = PBXFileReference; lastKnownFileType = file.storyboard; name = Base; path = Base.lproj/Main.storyboard; sourceTree = "<group>"; };
		B9B529D52971FF2E009700D2 /* LuluLemonTest.xcdatamodel */ = {isa = PBXFileReference; lastKnownFileType = wrapper.xcdatamodel; path = LuluLemonTest.xcdatamodel; sourceTree = "<group>"; };
		B9B529D72971FF35009700D2 /* Assets.xcassets */ = {isa = PBXFileReference; lastKnownFileType = folder.assetcatalog; path = Assets.xcassets; sourceTree = "<group>"; };
		B9B529DA2971FF35009700D2 /* Base */ = {isa = PBXFileReference; lastKnownFileType = file.storyboard; name = Base; path = Base.lproj/LaunchScreen.storyboard; sourceTree = "<group>"; };
		B9B529DC2971FF35009700D2 /* Info.plist */ = {isa = PBXFileReference; lastKnownFileType = text.plist.xml; path = Info.plist; sourceTree = "<group>"; };
		B9B52A082974F70F009700D2 /* Item.swift */ = {isa = PBXFileReference; lastKnownFileType = sourcecode.swift; path = Item.swift; sourceTree = "<group>"; };
		B9B52A0A297502C0009700D2 /* APIHandler.swift */ = {isa = PBXFileReference; lastKnownFileType = sourcecode.swift; path = APIHandler.swift; sourceTree = "<group>"; };
		B9B52A0C29750E04009700D2 /* ListModel.swift */ = {isa = PBXFileReference; lastKnownFileType = sourcecode.swift; path = ListModel.swift; sourceTree = "<group>"; };
		B9B52A0E29750E1D009700D2 /* AddViewModel.swift */ = {isa = PBXFileReference; lastKnownFileType = sourcecode.swift; path = AddViewModel.swift; sourceTree = "<group>"; };
		B9B52A132975954D009700D2 /* addViewController.swift */ = {isa = PBXFileReference; lastKnownFileType = sourcecode.swift; path = addViewController.swift; sourceTree = "<group>"; };
/* End PBXFileReference section */

/* Begin PBXFrameworksBuildPhase section */
		B9B529C52971FF2E009700D2 /* Frameworks */ = {
			isa = PBXFrameworksBuildPhase;
			buildActionMask = 2147483647;
			files = (
			);
			runOnlyForDeploymentPostprocessing = 0;
		};
/* End PBXFrameworksBuildPhase section */

/* Begin PBXGroup section */
		B9B529BF2971FF2E009700D2 = {
			isa = PBXGroup;
			children = (
				B9B529CA2971FF2E009700D2 /* LuluLemonTest */,
				B9B529C92971FF2E009700D2 /* Products */,
			);
			sourceTree = "<group>";
		};
		B9B529C92971FF2E009700D2 /* Products */ = {
			isa = PBXGroup;
			children = (
				B9B529C82971FF2E009700D2 /* LuluLemonTest.app */,
			);
			name = Products;
			sourceTree = "<group>";
		};
		B9B529CA2971FF2E009700D2 /* LuluLemonTest */ = {
			isa = PBXGroup;
			children = (
				B9B52A022974F207009700D2 /* Model */,
				B9B52A072974F332009700D2 /* AppDelegate */,
				B9B52A062974F323009700D2 /* ViewModels */,
				B9B52A052974F318009700D2 /* ViewControllers */,
				B9B52A042974F22E009700D2 /* Network */,
				B9B52A032974F21F009700D2 /* Storyboard */,
				B9B529D72971FF35009700D2 /* Assets.xcassets */,
				B9B529DC2971FF35009700D2 /* Info.plist */,
			);
			path = LuluLemonTest;
			sourceTree = "<group>";
		};
		B9B52A022974F207009700D2 /* Model */ = {
			isa = PBXGroup;
			children = (
				B9B529D42971FF2E009700D2 /* LuluLemonTest.xcdatamodeld */,
				B9B52A082974F70F009700D2 /* Item.swift */,
			);
			path = Model;
			sourceTree = "<group>";
		};
		B9B52A032974F21F009700D2 /* Storyboard */ = {
			isa = PBXGroup;
			children = (
				B9B529D12971FF2E009700D2 /* Main.storyboard */,
				B9B529D92971FF35009700D2 /* LaunchScreen.storyboard */,
			);
			path = Storyboard;
			sourceTree = "<group>";
		};
		B9B52A042974F22E009700D2 /* Network */ = {
			isa = PBXGroup;
			children = (
				B9B52A0A297502C0009700D2 /* APIHandler.swift */,
			);
			path = Network;
			sourceTree = "<group>";
		};
		B9B52A052974F318009700D2 /* ViewControllers */ = {
			isa = PBXGroup;
			children = (
				B9B529CF2971FF2E009700D2 /* ViewController.swift */,
				B9B52A132975954D009700D2 /* addViewController.swift */,
			);
			path = ViewControllers;
			sourceTree = "<group>";
		};
		B9B52A062974F323009700D2 /* ViewModels */ = {
			isa = PBXGroup;
			children = (
				B9B52A0C29750E04009700D2 /* ListModel.swift */,
				B9B52A0E29750E1D009700D2 /* AddViewModel.swift */,
			);
			path = ViewModels;
			sourceTree = "<group>";
		};
		B9B52A072974F332009700D2 /* AppDelegate */ = {
			isa = PBXGroup;
			children = (
				B9B529CB2971FF2E009700D2 /* AppDelegate.swift */,
				B9B529CD2971FF2E009700D2 /* SceneDelegate.swift */,
			);
			path = AppDelegate;
			sourceTree = "<group>";
		};
/* End PBXGroup section */

/* Begin PBXNativeTarget section */
		B9B529C72971FF2E009700D2 /* LuluLemonTest */ = {
			isa = PBXNativeTarget;
			buildConfigurationList = B9B529DF2971FF35009700D2 /* Build configuration list for PBXNativeTarget "LuluLemonTest" */;
			buildPhases = (
				B9B529C42971FF2E009700D2 /* Sources */,
				B9B529C52971FF2E009700D2 /* Frameworks */,
				B9B529C62971FF2E009700D2 /* Resources */,
			);
			buildRules = (
			);
			dependencies = (
			);
			name = LuluLemonTest;
			productName = LuluLemonTest;
			productReference = B9B529C82971FF2E009700D2 /* LuluLemonTest.app */;
			productType = "com.apple.product-type.application";
		};
/* End PBXNativeTarget section */

/* Begin PBXProject section */
		B9B529C02971FF2E009700D2 /* Project object */ = {
			isa = PBXProject;
			attributes = {
				BuildIndependentTargetsInParallel = 1;
				LastSwiftUpdateCheck = 1340;
				LastUpgradeCheck = 1340;
				TargetAttributes = {
					B9B529C72971FF2E009700D2 = {
						CreatedOnToolsVersion = 13.4.1;
					};
				};
			};
			buildConfigurationList = B9B529C32971FF2E009700D2 /* Build configuration list for PBXProject "LuluLemonTest" */;
			compatibilityVersion = "Xcode 13.0";
			developmentRegion = en;
			hasScannedForEncodings = 0;
			knownRegions = (
				en,
				Base,
			);
			mainGroup = B9B529BF2971FF2E009700D2;
			productRefGroup = B9B529C92971FF2E009700D2 /* Products */;
			projectDirPath = "";
			projectRoot = "";
			targets = (
				B9B529C72971FF2E009700D2 /* LuluLemonTest */,
			);
		};
/* End PBXProject section */

/* Begin PBXResourcesBuildPhase section */
		B9B529C62971FF2E009700D2 /* Resources */ = {
			isa = PBXResourcesBuildPhase;
			buildActionMask = 2147483647;
			files = (
				B9B529DB2971FF35009700D2 /* LaunchScreen.storyboard in Resources */,
				B9B529D82971FF35009700D2 /* Assets.xcassets in Resources */,
				B9B529D32971FF2E009700D2 /* Main.storyboard in Resources */,
			);
			runOnlyForDeploymentPostprocessing = 0;
		};
/* End PBXResourcesBuildPhase section */

/* Begin PBXSourcesBuildPhase section */
		B9B529C42971FF2E009700D2 /* Sources */ = {
			isa = PBXSourcesBuildPhase;
			buildActionMask = 2147483647;
			files = (
				B9B52A092974F70F009700D2 /* Item.swift in Sources */,
				B9B529D02971FF2E009700D2 /* ViewController.swift in Sources */,
				B9B52A0F29750E1D009700D2 /* AddViewModel.swift in Sources */,
				B9B529CC2971FF2E009700D2 /* AppDelegate.swift in Sources */,
				B9B52A142975954D009700D2 /* addViewController.swift in Sources */,
				B9B52A0B297502C0009700D2 /* APIHandler.swift in Sources */,
				B9B52A0D29750E04009700D2 /* ListModel.swift in Sources */,
				B9B529CE2971FF2E009700D2 /* SceneDelegate.swift in Sources */,
				B9B529D62971FF2E009700D2 /* LuluLemonTest.xcdatamodeld in Sources */,
			);
			runOnlyForDeploymentPostprocessing = 0;
		};
/* End PBXSourcesBuildPhase section */

/* Begin PBXVariantGroup section */
		B9B529D12971FF2E009700D2 /* Main.storyboard */ = {
			isa = PBXVariantGroup;
			children = (
				B9B529D22971FF2E009700D2 /* Base */,
			);
			name = Main.storyboard;
			sourceTree = "<group>";
		};
		B9B529D92971FF35009700D2 /* LaunchScreen.storyboard */ = {
			isa = PBXVariantGroup;
			children = (
				B9B529DA2971FF35009700D2 /* Base */,
			);
			name = LaunchScreen.storyboard;
			sourceTree = "<group>";
		};
/* End PBXVariantGroup section */

/* Begin XCBuildConfiguration section */
		B9B529DD2971FF35009700D2 /* Debug */ = {
			isa = XCBuildConfiguration;
			buildSettings = {
				ALWAYS_SEARCH_USER_PATHS = NO;
				CLANG_ANALYZER_NONNULL = YES;
				CLANG_ANALYZER_NUMBER_OBJECT_CONVERSION = YES_AGGRESSIVE;
				CLANG_CXX_LANGUAGE_STANDARD = "gnu++17";
				CLANG_ENABLE_MODULES = YES;
				CLANG_ENABLE_OBJC_ARC = YES;
				CLANG_ENABLE_OBJC_WEAK = YES;
				CLANG_WARN_BLOCK_CAPTURE_AUTORELEASING = YES;
				CLANG_WARN_BOOL_CONVERSION = YES;
				CLANG_WARN_COMMA = YES;
				CLANG_WARN_CONSTANT_CONVERSION = YES;
				CLANG_WARN_DEPRECATED_OBJC_IMPLEMENTATIONS = YES;
				CLANG_WARN_DIRECT_OBJC_ISA_USAGE = YES_ERROR;
				CLANG_WARN_DOCUMENTATION_COMMENTS = YES;
				CLANG_WARN_EMPTY_BODY = YES;
				CLANG_WARN_ENUM_CONVERSION = YES;
				CLANG_WARN_INFINITE_RECURSION = YES;
				CLANG_WARN_INT_CONVERSION = YES;
				CLANG_WARN_NON_LITERAL_NULL_CONVERSION = YES;
				CLANG_WARN_OBJC_IMPLICIT_RETAIN_SELF = YES;
				CLANG_WARN_OBJC_LITERAL_CONVERSION = YES;
				CLANG_WARN_OBJC_ROOT_CLASS = YES_ERROR;
				CLANG_WARN_QUOTED_INCLUDE_IN_FRAMEWORK_HEADER = YES;
				CLANG_WARN_RANGE_LOOP_ANALYSIS = YES;
				CLANG_WARN_STRICT_PROTOTYPES = YES;
				CLANG_WARN_SUSPICIOUS_MOVE = YES;
				CLANG_WARN_UNGUARDED_AVAILABILITY = YES_AGGRESSIVE;
				CLANG_WARN_UNREACHABLE_CODE = YES;
				CLANG_WARN__DUPLICATE_METHOD_MATCH = YES;
				COPY_PHASE_STRIP = NO;
				DEBUG_INFORMATION_FORMAT = dwarf;
				ENABLE_STRICT_OBJC_MSGSEND = YES;
				ENABLE_TESTABILITY = YES;
				GCC_C_LANGUAGE_STANDARD = gnu11;
				GCC_DYNAMIC_NO_PIC = NO;
				GCC_NO_COMMON_BLOCKS = YES;
				GCC_OPTIMIZATION_LEVEL = 0;
				GCC_PREPROCESSOR_DEFINITIONS = (
					"DEBUG=1",
					"$(inherited)",
				);
				GCC_WARN_64_TO_32_BIT_CONVERSION = YES;
				GCC_WARN_ABOUT_RETURN_TYPE = YES_ERROR;
				GCC_WARN_UNDECLARED_SELECTOR = YES;
				GCC_WARN_UNINITIALIZED_AUTOS = YES_AGGRESSIVE;
				GCC_WARN_UNUSED_FUNCTION = YES;
				GCC_WARN_UNUSED_VARIABLE = YES;
				IPHONEOS_DEPLOYMENT_TARGET = 15.5;
				MTL_ENABLE_DEBUG_INFO = INCLUDE_SOURCE;
				MTL_FAST_MATH = YES;
				ONLY_ACTIVE_ARCH = YES;
				SDKROOT = iphoneos;
				SWIFT_ACTIVE_COMPILATION_CONDITIONS = DEBUG;
				SWIFT_OPTIMIZATION_LEVEL = "-Onone";
			};
			name = Debug;
		};
		B9B529DE2971FF35009700D2 /* Release */ = {
			isa = XCBuildConfiguration;
			buildSettings = {
				ALWAYS_SEARCH_USER_PATHS = NO;
				CLANG_ANALYZER_NONNULL = YES;
				CLANG_ANALYZER_NUMBER_OBJECT_CONVERSION = YES_AGGRESSIVE;
				CLANG_CXX_LANGUAGE_STANDARD = "gnu++17";
				CLANG_ENABLE_MODULES = YES;
				CLANG_ENABLE_OBJC_ARC = YES;
				CLANG_ENABLE_OBJC_WEAK = YES;
				CLANG_WARN_BLOCK_CAPTURE_AUTORELEASING = YES;
				CLANG_WARN_BOOL_CONVERSION = YES;
				CLANG_WARN_COMMA = YES;
				CLANG_WARN_CONSTANT_CONVERSION = YES;
				CLANG_WARN_DEPRECATED_OBJC_IMPLEMENTATIONS = YES;
				CLANG_WARN_DIRECT_OBJC_ISA_USAGE = YES_ERROR;
				CLANG_WARN_DOCUMENTATION_COMMENTS = YES;
				CLANG_WARN_EMPTY_BODY = YES;
				CLANG_WARN_ENUM_CONVERSION = YES;
				CLANG_WARN_INFINITE_RECURSION = YES;
				CLANG_WARN_INT_CONVERSION = YES;
				CLANG_WARN_NON_LITERAL_NULL_CONVERSION = YES;
				CLANG_WARN_OBJC_IMPLICIT_RETAIN_SELF = YES;
				CLANG_WARN_OBJC_LITERAL_CONVERSION = YES;
				CLANG_WARN_OBJC_ROOT_CLASS = YES_ERROR;
				CLANG_WARN_QUOTED_INCLUDE_IN_FRAMEWORK_HEADER = YES;
				CLANG_WARN_RANGE_LOOP_ANALYSIS = YES;
				CLANG_WARN_STRICT_PROTOTYPES = YES;
				CLANG_WARN_SUSPICIOUS_MOVE = YES;
				CLANG_WARN_UNGUARDED_AVAILABILITY = YES_AGGRESSIVE;
				CLANG_WARN_UNREACHABLE_CODE = YES;
				CLANG_WARN__DUPLICATE_METHOD_MATCH = YES;
				COPY_PHASE_STRIP = NO;
				DEBUG_INFORMATION_FORMAT = "dwarf-with-dsym";
				ENABLE_NS_ASSERTIONS = NO;
				ENABLE_STRICT_OBJC_MSGSEND = YES;
				GCC_C_LANGUAGE_STANDARD = gnu11;
				GCC_NO_COMMON_BLOCKS = YES;
				GCC_WARN_64_TO_32_BIT_CONVERSION = YES;
				GCC_WARN_ABOUT_RETURN_TYPE = YES_ERROR;
				GCC_WARN_UNDECLARED_SELECTOR = YES;
				GCC_WARN_UNINITIALIZED_AUTOS = YES_AGGRESSIVE;
				GCC_WARN_UNUSED_FUNCTION = YES;
				GCC_WARN_UNUSED_VARIABLE = YES;
				IPHONEOS_DEPLOYMENT_TARGET = 15.5;
				MTL_ENABLE_DEBUG_INFO = NO;
				MTL_FAST_MATH = YES;
				SDKROOT = iphoneos;
				SWIFT_COMPILATION_MODE = wholemodule;
				SWIFT_OPTIMIZATION_LEVEL = "-O";
				VALIDATE_PRODUCT = YES;
			};
			name = Release;
		};
		B9B529E02971FF35009700D2 /* Debug */ = {
			isa = XCBuildConfiguration;
			buildSettings = {
				ASSETCATALOG_COMPILER_APPICON_NAME = AppIcon;
				ASSETCATALOG_COMPILER_GLOBAL_ACCENT_COLOR_NAME = AccentColor;
				CODE_SIGN_STYLE = Automatic;
				CURRENT_PROJECT_VERSION = 1;
				DEVELOPMENT_TEAM = 2N899L7GD7;
				GENERATE_INFOPLIST_FILE = YES;
				INFOPLIST_FILE = LuluLemonTest/Info.plist;
				INFOPLIST_KEY_UIApplicationSupportsIndirectInputEvents = YES;
				INFOPLIST_KEY_UILaunchStoryboardName = LaunchScreen;
				INFOPLIST_KEY_UIMainStoryboardFile = Main;
				INFOPLIST_KEY_UISupportedInterfaceOrientations_iPad = "UIInterfaceOrientationPortrait UIInterfaceOrientationPortraitUpsideDown UIInterfaceOrientationLandscapeLeft UIInterfaceOrientationLandscapeRight";
				INFOPLIST_KEY_UISupportedInterfaceOrientations_iPhone = "UIInterfaceOrientationPortrait UIInterfaceOrientationLandscapeLeft UIInterfaceOrientationLandscapeRight";
				LD_RUNPATH_SEARCH_PATHS = (
					"$(inherited)",
					"@executable_path/Frameworks",
				);
				MARKETING_VERSION = 1.0;
				PRODUCT_BUNDLE_IDENTIFIER = Swift.LuluLemonTest;
				PRODUCT_NAME = "$(TARGET_NAME)";
				SWIFT_EMIT_LOC_STRINGS = YES;
				SWIFT_VERSION = 5.0;
				TARGETED_DEVICE_FAMILY = "1,2";
			};
			name = Debug;
		};
		B9B529E12971FF35009700D2 /* Release */ = {
			isa = XCBuildConfiguration;
			buildSettings = {
				ASSETCATALOG_COMPILER_APPICON_NAME = AppIcon;
				ASSETCATALOG_COMPILER_GLOBAL_ACCENT_COLOR_NAME = AccentColor;
				CODE_SIGN_STYLE = Automatic;
				CURRENT_PROJECT_VERSION = 1;
				DEVELOPMENT_TEAM = 2N899L7GD7;
				GENERATE_INFOPLIST_FILE = YES;
				INFOPLIST_FILE = LuluLemonTest/Info.plist;
				INFOPLIST_KEY_UIApplicationSupportsIndirectInputEvents = YES;
				INFOPLIST_KEY_UILaunchStoryboardName = LaunchScreen;
				INFOPLIST_KEY_UIMainStoryboardFile = Main;
				INFOPLIST_KEY_UISupportedInterfaceOrientations_iPad = "UIInterfaceOrientationPortrait UIInterfaceOrientationPortraitUpsideDown UIInterfaceOrientationLandscapeLeft UIInterfaceOrientationLandscapeRight";
				INFOPLIST_KEY_UISupportedInterfaceOrientations_iPhone = "UIInterfaceOrientationPortrait UIInterfaceOrientationLandscapeLeft UIInterfaceOrientationLandscapeRight";
				LD_RUNPATH_SEARCH_PATHS = (
					"$(inherited)",
					"@executable_path/Frameworks",
				);
				MARKETING_VERSION = 1.0;
				PRODUCT_BUNDLE_IDENTIFIER = Swift.LuluLemonTest;
				PRODUCT_NAME = "$(TARGET_NAME)";
				SWIFT_EMIT_LOC_STRINGS = YES;
				SWIFT_VERSION = 5.0;
				TARGETED_DEVICE_FAMILY = "1,2";
			};
			name = Release;
		};
/* End XCBuildConfiguration section */

/* Begin XCConfigurationList section */
		B9B529C32971FF2E009700D2 /* Build configuration list for PBXProject "LuluLemonTest" */ = {
			isa = XCConfigurationList;
			buildConfigurations = (
				B9B529DD2971FF35009700D2 /* Debug */,
				B9B529DE2971FF35009700D2 /* Release */,
			);
			defaultConfigurationIsVisible = 0;
			defaultConfigurationName = Release;
		};
		B9B529DF2971FF35009700D2 /* Build configuration list for PBXNativeTarget "LuluLemonTest" */ = {
			isa = XCConfigurationList;
			buildConfigurations = (
				B9B529E02971FF35009700D2 /* Debug */,
				B9B529E12971FF35009700D2 /* Release */,
			);
			defaultConfigurationIsVisible = 0;
			defaultConfigurationName = Release;
		};
/* End XCConfigurationList section */

/* Begin XCVersionGroup section */
		B9B529D42971FF2E009700D2 /* LuluLemonTest.xcdatamodeld */ = {
			isa = XCVersionGroup;
			children = (
				B9B529D52971FF2E009700D2 /* LuluLemonTest.xcdatamodel */,
			);
			currentVersion = B9B529D52971FF2E009700D2 /* LuluLemonTest.xcdatamodel */;
			path = LuluLemonTest.xcdatamodeld;
			sourceTree = "<group>";
			versionGroupType = wrapper.xcdatamodel;
		};
/* End XCVersionGroup section */
	};
	rootObject = B9B529C02971FF2E009700D2 /* Project object */;
}
